
Microsoft Visual Studio Solution File, Format Version 12.00
# Visual Studio Version 17
VisualStudioVersion = 17.1.32210.238
MinimumVisualStudioVersion = 10.0.40219.1
Project("{FAE04EC0-301F-11D3-BF4B-00C04F79EFBC}") = "LineComparison", "LineComparison.csproj", "{9D06A538-F672-4936-9F4B-2E89BC367DB9}"
EndProject
Global
	GlobalSection(SolutionConfigurationPlatforms) = preSolution
		Debug|Any CPU = Debug|Any CPU
		Release|Any CPU = Release|Any CPU
	EndGlobalSection
	GlobalSection(ProjectConfigurationPlatforms) = postSolution
		{9D06A538-F672-4936-9F4B-2E89BC367DB9}.Debug|Any CPU.ActiveCfg = Debug|Any CPU
		{9D06A538-F672-4936-9F4B-2E89BC367DB9}.Debug|Any CPU.Build.0 = Debug|Any CPU
		{9D06A538-F672-4936-9F4B-2E89BC367DB9}.Release|Any CPU.ActiveCfg = Release|Any CPU
		{9D06A538-F672-4936-9F4B-2E89BC367DB9}.Release|Any CPU.Build.0 = Release|Any CPU
	EndGlobalSection
	GlobalSection(SolutionProperties) = preSolution
		HideSolutionNode = FALSE
	EndGlobalSection
	GlobalSection(ExtensibilityGlobals) = postSolution
		SolutionGuid = {27FE6A97-E90F-4C14-930C-15D8D5957078}
	EndGlobalSection
EndGlobal
